
Microsoft Visual Studio Solution File, Format Version 12.00
# Visual Studio Version 17
VisualStudioVersion = 17.14.37203.1 d17.14
MinimumVisualStudioVersion = 10.0.40219.1
Project("{FAE04EC0-301F-11D3-BF4B-00C04F79EFBC}") = "08_Organic_DesignPatternsProject", "08_Organic_DesignPatternsProject\08_Organic_DesignPatternsProject.csproj", "{2EB441C9-5494-43E4-8CA1-D6D4D80CE02B}"
EndProject
Global
	GlobalSection(SolutionConfigurationPlatforms) = preSolution
		Debug|Any CPU = Debug|Any CPU
		Release|Any CPU = Release|Any CPU
	EndGlobalSection
	GlobalSection(ProjectConfigurationPlatforms) = postSolution
		{2EB441C9-5494-43E4-8CA1-D6D4D80CE02B}.Debug|Any CPU.ActiveCfg = Debug|Any CPU
		{2EB441C9-5494-43E4-8CA1-D6D4D80CE02B}.Debug|Any CPU.Build.0 = Debug|Any CPU
		{2EB441C9-5494-43E4-8CA1-D6D4D80CE02B}.Release|Any CPU.ActiveCfg = Release|Any CPU
		{2EB441C9-5494-43E4-8CA1-D6D4D80CE02B}.Release|Any CPU.Build.0 = Release|Any CPU
	EndGlobalSection
	GlobalSection(SolutionProperties) = preSolution
		HideSolutionNode = FALSE
	EndGlobalSection
	GlobalSection(ExtensibilityGlobals) = postSolution
		SolutionGuid = {2D3872EA-FCDE-48A0-817C-20AFE46F5EA2}
	EndGlobalSection
EndGlobal
